// !$*UTF8*$!
{
	archiveVersion = 1;
	classes = {
	};
	objectVersion = 46;
	objects = {

/* Begin PBXBuildFile section */
		0D99CCE21D9AB076007BBE0E /* CALayer+Additions.m in Sources */ = {isa = PBXBuildFile; fileRef = 0D99CCA71D9AB076007BBE0E /* CALayer+Additions.m */; };
		0D99CCE31D9AB076007BBE0E /* UICollectionView+JCPlaceHoldView.m in Sources */ = {isa = PBXBuildFile; fileRef = 0D99CCAA1D9AB076007BBE0E /* UICollectionView+JCPlaceHoldView.m */; };
		0D99CCE41D9AB076007BBE0E /* NSArray+ExtraMethod.m in Sources */ = {isa = PBXBuildFile; fileRef = 0D99CCAD1D9AB076007BBE0E /* NSArray+ExtraMethod.m */; };
		0D99CCE51D9AB076007BBE0E /* NSData+JWAESData.m in Sources */ = {isa = PBXBuildFile; fileRef = 0D99CCB01D9AB076007BBE0E /* NSData+JWAESData.m */; };
		0D99CCE61D9AB076007BBE0E /* NSDictionary+ExtraMethod.m in Sources */ = {isa = PBXBuildFile; fileRef = 0D99CCB31D9AB076007BBE0E /* NSDictionary+ExtraMethod.m */; };
		0D99CCE71D9AB076007BBE0E /* NSTimer+Addition.m in Sources */ = {isa = PBXBuildFile; fileRef = 0D99CCB61D9AB076007BBE0E /* NSTimer+Addition.m */; };
		0D99CCE81D9AB076007BBE0E /* UITabBarItem+Universal.m in Sources */ = {isa = PBXBuildFile; fileRef = 0D99CCB91D9AB076007BBE0E /* UITabBarItem+Universal.m */; };
		0D99CCE91D9AB076007BBE0E /* UITableView+JCPlaceHoldView.m in Sources */ = {isa = PBXBuildFile; fileRef = 0D99CCBC1D9AB076007BBE0E /* UITableView+JCPlaceHoldView.m */; };
		0D99CCEA1D9AB076007BBE0E /* UIButton+LCAlignment.m in Sources */ = {isa = PBXBuildFile; fileRef = 0D99CCBF1D9AB076007BBE0E /* UIButton+LCAlignment.m */; };
		0D99CCEB1D9AB076007BBE0E /* UIColor+JCColor.m in Sources */ = {isa = PBXBuildFile; fileRef = 0D99CCC21D9AB076007BBE0E /* UIColor+JCColor.m */; };
		0D99CCEC1D9AB076007BBE0E /* UIDevice+Unidentifier.m in Sources */ = {isa = PBXBuildFile; fileRef = 0D99CCC51D9AB076007BBE0E /* UIDevice+Unidentifier.m */; };
		0D99CCED1D9AB076007BBE0E /* UIImage+UIImageScale.m in Sources */ = {isa = PBXBuildFile; fileRef = 0D99CCC81D9AB076007BBE0E /* UIImage+UIImageScale.m */; };
		0D99CCEE1D9AB076007BBE0E /* UIView+JCView.m in Sources */ = {isa = PBXBuildFile; fileRef = 0D99CCCB1D9AB076007BBE0E /* UIView+JCView.m */; };
		0D99CCEF1D9AB076007BBE0E /* CustomBarItemUtility.m in Sources */ = {isa = PBXBuildFile; fileRef = 0D99CCD51D9AB076007BBE0E /* CustomBarItemUtility.m */; };
		0D99CCF01D9AB076007BBE0E /* JCDeviceInfo.m in Sources */ = {isa = PBXBuildFile; fileRef = 0D99CCD71D9AB076007BBE0E /* JCDeviceInfo.m */; };
		0D99CCF11D9AB076007BBE0E /* JUtility.m in Sources */ = {isa = PBXBuildFile; fileRef = 0D99CCD91D9AB076007BBE0E /* JUtility.m */; };
		0D99CCF21D9AB076007BBE0E /* TextUtility.m in Sources */ = {isa = PBXBuildFile; fileRef = 0D99CCDB1D9AB076007BBE0E /* TextUtility.m */; };
		0D99CCF31D9AB076007BBE0E /* SSKeychain.m in Sources */ = {isa = PBXBuildFile; fileRef = 0D99CCDF1D9AB076007BBE0E /* SSKeychain.m */; };
		0D99CCF41D9AB076007BBE0E /* SSKeychainQuery.m in Sources */ = {isa = PBXBuildFile; fileRef = 0D99CCE11D9AB076007BBE0E /* SSKeychainQuery.m */; };
		0D99CD001D9AB07E007BBE0E /* JCNavigationViewController.m in Sources */ = {isa = PBXBuildFile; fileRef = 0D99CCF81D9AB07E007BBE0E /* JCNavigationViewController.m */; };
		0D99CD011D9AB07E007BBE0E /* JCWrapNavigationController.m in Sources */ = {isa = PBXBuildFile; fileRef = 0D99CCFA1D9AB07E007BBE0E /* JCWrapNavigationController.m */; };
		0D99CD021D9AB07E007BBE0E /* JCWrapViewController.m in Sources */ = {isa = PBXBuildFile; fileRef = 0D99CCFC1D9AB07E007BBE0E /* JCWrapViewController.m */; };
		0D99CD031D9AB07E007BBE0E /* UIViewController+JCNavigationControllerExtension.m in Sources */ = {isa = PBXBuildFile; fileRef = 0D99CCFE1D9AB07E007BBE0E /* UIViewController+JCNavigationControllerExtension.m */; };
		0D99CD051D9AB144007BBE0E /* JCNavigationControllerImage.xcassets in Resources */ = {isa = PBXBuildFile; fileRef = 0D99CD041D9AB144007BBE0E /* JCNavigationControllerImage.xcassets */; };
		0D99CD081D9AB1CD007BBE0E /* TransitionDemo.storyboard in Resources */ = {isa = PBXBuildFile; fileRef = 0D99CD071D9AB1CD007BBE0E /* TransitionDemo.storyboard */; };
		0D99CD0B1D9AB202007BBE0E /* JCTransitionDemoViewController.m in Sources */ = {isa = PBXBuildFile; fileRef = 0D99CD0A1D9AB202007BBE0E /* JCTransitionDemoViewController.m */; };
		0D99CD0F1D9AB61F007BBE0E /* JCPageViewController.m in Sources */ = {isa = PBXBuildFile; fileRef = 0D99CD0E1D9AB61F007BBE0E /* JCPageViewController.m */; };
		0D99CD121D9ABCD5007BBE0E /* JCTranition.m in Sources */ = {isa = PBXBuildFile; fileRef = 0D99CD111D9ABCD5007BBE0E /* JCTranition.m */; };
		0DF2B6981D941BEF006FFE4C /* main.m in Sources */ = {isa = PBXBuildFile; fileRef = 0DF2B6971D941BEF006FFE4C /* main.m */; };
		0DF2B69B1D941BEF006FFE4C /* AppDelegate.m in Sources */ = {isa = PBXBuildFile; fileRef = 0DF2B69A1D941BEF006FFE4C /* AppDelegate.m */; };
		0DF2B6A11D941BEF006FFE4C /* Main.storyboard in Resources */ = {isa = PBXBuildFile; fileRef = 0DF2B69F1D941BEF006FFE4C /* Main.storyboard */; };
		0DF2B6A31D941BEF006FFE4C /* Assets.xcassets in Resources */ = {isa = PBXBuildFile; fileRef = 0DF2B6A21D941BEF006FFE4C /* Assets.xcassets */; };
		0DF2B6A61D941BEF006FFE4C /* LaunchScreen.storyboard in Resources */ = {isa = PBXBuildFile; fileRef = 0DF2B6A41D941BEF006FFE4C /* LaunchScreen.storyboard */; };
		0DF2B6FE1D941D22006FFE4C /* UIKit.framework in Frameworks */ = {isa = PBXBuildFile; fileRef = 0DF2B6FD1D941D22006FFE4C /* UIKit.framework */; };
		0DF2B7091D942000006FFE4C /* Default-568h@2x.png in Resources */ = {isa = PBXBuildFile; fileRef = 0DF2B7081D942000006FFE4C /* Default-568h@2x.png */; };
		0DF2B70C1D942112006FFE4C /* JCIndexTableViewController.m in Sources */ = {isa = PBXBuildFile; fileRef = 0DF2B70B1D942112006FFE4C /* JCIndexTableViewController.m */; };
		0DF2B7101D94258E006FFE4C /* JCTabBarViewController.m in Sources */ = {isa = PBXBuildFile; fileRef = 0DF2B70F1D94258E006FFE4C /* JCTabBarViewController.m */; };
		0DF2B7121D9425A4006FFE4C /* TabBarDemo.storyboard in Resources */ = {isa = PBXBuildFile; fileRef = 0DF2B7111D9425A4006FFE4C /* TabBarDemo.storyboard */; };
		0DF2B7151D9425E1006FFE4C /* JCTabBarOneViewController.m in Sources */ = {isa = PBXBuildFile; fileRef = 0DF2B7141D9425E1006FFE4C /* JCTabBarOneViewController.m */; };
		0DF2B7181D9425F3006FFE4C /* JCTabBarTwoViewController.m in Sources */ = {isa = PBXBuildFile; fileRef = 0DF2B7171D9425F3006FFE4C /* JCTabBarTwoViewController.m */; };
		0DF2B71A1D94266A006FFE4C /* TabBarDemo.xcassets in Resources */ = {isa = PBXBuildFile; fileRef = 0DF2B7191D94266A006FFE4C /* TabBarDemo.xcassets */; };
/* End PBXBuildFile section */

/* Begin PBXFileReference section */
		0D99CCA61D9AB076007BBE0E /* CALayer+Additions.h */ = {isa = PBXFileReference; fileEncoding = 4; lastKnownFileType = sourcecode.c.h; path = "CALayer+Additions.h"; sourceTree = "<group>"; };
		0D99CCA71D9AB076007BBE0E /* CALayer+Additions.m */ = {isa = PBXFileReference; fileEncoding = 4; lastKnownFileType = sourcecode.c.objc; path = "CALayer+Additions.m"; sourceTree = "<group>"; };
		0D99CCA91D9AB076007BBE0E /* UICollectionView+JCPlaceHoldView.h */ = {isa = PBXFileReference; fileEncoding = 4; lastKnownFileType = sourcecode.c.h; path = "UICollectionView+JCPlaceHoldView.h"; sourceTree = "<group>"; };
		0D99CCAA1D9AB076007BBE0E /* UICollectionView+JCPlaceHoldView.m */ = {isa = PBXFileReference; fileEncoding = 4; lastKnownFileType = sourcecode.c.objc; path = "UICollectionView+JCPlaceHoldView.m"; sourceTree = "<group>"; };
		0D99CCAC1D9AB076007BBE0E /* NSArray+ExtraMethod.h */ = {isa = PBXFileReference; fileEncoding = 4; lastKnownFileType = sourcecode.c.h; path = "NSArray+ExtraMethod.h"; sourceTree = "<group>"; };
		0D99CCAD1D9AB076007BBE0E /* NSArray+ExtraMethod.m */ = {isa = PBXFileReference; fileEncoding = 4; lastKnownFileType = sourcecode.c.objc; path = "NSArray+ExtraMethod.m"; sourceTree = "<group>"; };
		0D99CCAF1D9AB076007BBE0E /* NSData+JWAESData.h */ = {isa = PBXFileReference; fileEncoding = 4; lastKnownFileType = sourcecode.c.h; path = "NSData+JWAESData.h"; sourceTree = "<group>"; };
		0D99CCB01D9AB076007BBE0E /* NSData+JWAESData.m */ = {isa = PBXFileReference; fileEncoding = 4; lastKnownFileType = sourcecode.c.objc; path = "NSData+JWAESData.m"; sourceTree = "<group>"; };
		0D99CCB21D9AB076007BBE0E /* NSDictionary+ExtraMethod.h */ = {isa = PBXFileReference; fileEncoding = 4; lastKnownFileType = sourcecode.c.h; path = "NSDictionary+ExtraMethod.h"; sourceTree = "<group>"; };
		0D99CCB31D9AB076007BBE0E /* NSDictionary+ExtraMethod.m */ = {isa = PBXFileReference; fileEncoding = 4; lastKnownFileType = sourcecode.c.objc; path = "NSDictionary+ExtraMethod.m"; sourceTree = "<group>"; };
		0D99CCB51D9AB076007BBE0E /* NSTimer+Addition.h */ = {isa = PBXFileReference; fileEncoding = 4; lastKnownFileType = sourcecode.c.h; path = "NSTimer+Addition.h"; sourceTree = "<group>"; };
		0D99CCB61D9AB076007BBE0E /* NSTimer+Addition.m */ = {isa = PBXFileReference; fileEncoding = 4; lastKnownFileType = sourcecode.c.objc; path = "NSTimer+Addition.m"; sourceTree = "<group>"; };
		0D99CCB81D9AB076007BBE0E /* UITabBarItem+Universal.h */ = {isa = PBXFileReference; fileEncoding = 4; lastKnownFileType = sourcecode.c.h; path = "UITabBarItem+Universal.h"; sourceTree = "<group>"; };
		0D99CCB91D9AB076007BBE0E /* UITabBarItem+Universal.m */ = {isa = PBXFileReference; fileEncoding = 4; lastKnownFileType = sourcecode.c.objc; path = "UITabBarItem+Universal.m"; sourceTree = "<group>"; };
		0D99CCBB1D9AB076007BBE0E /* UITableView+JCPlaceHoldView.h */ = {isa = PBXFileReference; fileEncoding = 4; lastKnownFileType = sourcecode.c.h; path = "UITableView+JCPlaceHoldView.h"; sourceTree = "<group>"; };
		0D99CCBC1D9AB076007BBE0E /* UITableView+JCPlaceHoldView.m */ = {isa = PBXFileReference; fileEncoding = 4; lastKnownFileType = sourcecode.c.objc; path = "UITableView+JCPlaceHoldView.m"; sourceTree = "<group>"; };
		0D99CCBE1D9AB076007BBE0E /* UIButton+LCAlignment.h */ = {isa = PBXFileReference; fileEncoding = 4; lastKnownFileType = sourcecode.c.h; path = "UIButton+LCAlignment.h"; sourceTree = "<group>"; };
		0D99CCBF1D9AB076007BBE0E /* UIButton+LCAlignment.m */ = {isa = PBXFileReference; fileEncoding = 4; lastKnownFileType = sourcecode.c.objc; path = "UIButton+LCAlignment.m"; sourceTree = "<group>"; };
		0D99CCC11D9AB076007BBE0E /* UIColor+JCColor.h */ = {isa = PBXFileReference; fileEncoding = 4; lastKnownFileType = sourcecode.c.h; path = "UIColor+JCColor.h"; sourceTree = "<group>"; };
		0D99CCC21D9AB076007BBE0E /* UIColor+JCColor.m */ = {isa = PBXFileReference; fileEncoding = 4; lastKnownFileType = sourcecode.c.objc; path = "UIColor+JCColor.m"; sourceTree = "<group>"; };
		0D99CCC41D9AB076007BBE0E /* UIDevice+Unidentifier.h */ = {isa = PBXFileReference; fileEncoding = 4; lastKnownFileType = sourcecode.c.h; path = "UIDevice+Unidentifier.h"; sourceTree = "<group>"; };
		0D99CCC51D9AB076007BBE0E /* UIDevice+Unidentifier.m */ = {isa = PBXFileReference; fileEncoding = 4; lastKnownFileType = sourcecode.c.objc; path = "UIDevice+Unidentifier.m"; sourceTree = "<group>"; };
		0D99CCC71D9AB076007BBE0E /* UIImage+UIImageScale.h */ = {isa = PBXFileReference; fileEncoding = 4; lastKnownFileType = sourcecode.c.h; path = "UIImage+UIImageScale.h"; sourceTree = "<group>"; };
		0D99CCC81D9AB076007BBE0E /* UIImage+UIImageScale.m */ = {isa = PBXFileReference; fileEncoding = 4; lastKnownFileType = sourcecode.c.objc; path = "UIImage+UIImageScale.m"; sourceTree = "<group>"; };
		0D99CCCA1D9AB076007BBE0E /* UIView+JCView.h */ = {isa = PBXFileReference; fileEncoding = 4; lastKnownFileType = sourcecode.c.h; path = "UIView+JCView.h"; sourceTree = "<group>"; };
		0D99CCCB1D9AB076007BBE0E /* UIView+JCView.m */ = {isa = PBXFileReference; fileEncoding = 4; lastKnownFileType = sourcecode.c.objc; path = "UIView+JCView.m"; sourceTree = "<group>"; };
		0D99CCD01D9AB076007BBE0E /* AppMacro.h */ = {isa = PBXFileReference; fileEncoding = 4; lastKnownFileType = sourcecode.c.h; path = AppMacro.h; sourceTree = "<group>"; };
		0D99CCD11D9AB076007BBE0E /* NotificationMacro.h */ = {isa = PBXFileReference; fileEncoding = 4; lastKnownFileType = sourcecode.c.h; path = NotificationMacro.h; sourceTree = "<group>"; };
		0D99CCD21D9AB076007BBE0E /* VendorMacro.h */ = {isa = PBXFileReference; fileEncoding = 4; lastKnownFileType = sourcecode.c.h; path = VendorMacro.h; sourceTree = "<group>"; };
		0D99CCD41D9AB076007BBE0E /* CustomBarItemUtility.h */ = {isa = PBXFileReference; fileEncoding = 4; lastKnownFileType = sourcecode.c.h; path = CustomBarItemUtility.h; sourceTree = "<group>"; };
		0D99CCD51D9AB076007BBE0E /* CustomBarItemUtility.m */ = {isa = PBXFileReference; fileEncoding = 4; lastKnownFileType = sourcecode.c.objc; path = CustomBarItemUtility.m; sourceTree = "<group>"; };
		0D99CCD61D9AB076007BBE0E /* JCDeviceInfo.h */ = {isa = PBXFileReference; fileEncoding = 4; lastKnownFileType = sourcecode.c.h; path = JCDeviceInfo.h; sourceTree = "<group>"; };
		0D99CCD71D9AB076007BBE0E /* JCDeviceInfo.m */ = {isa = PBXFileReference; fileEncoding = 4; lastKnownFileType = sourcecode.c.objc; path = JCDeviceInfo.m; sourceTree = "<group>"; };
		0D99CCD81D9AB076007BBE0E /* JUtility.h */ = {isa = PBXFileReference; fileEncoding = 4; lastKnownFileType = sourcecode.c.h; path = JUtility.h; sourceTree = "<group>"; };
		0D99CCD91D9AB076007BBE0E /* JUtility.m */ = {isa = PBXFileReference; fileEncoding = 4; lastKnownFileType = sourcecode.c.objc; path = JUtility.m; sourceTree = "<group>"; };
		0D99CCDA1D9AB076007BBE0E /* TextUtility.h */ = {isa = PBXFileReference; fileEncoding = 4; lastKnownFileType = sourcecode.c.h; path = TextUtility.h; sourceTree = "<group>"; };
		0D99CCDB1D9AB076007BBE0E /* TextUtility.m */ = {isa = PBXFileReference; fileEncoding = 4; lastKnownFileType = sourcecode.c.objc; path = TextUtility.m; sourceTree = "<group>"; };
		0D99CCDE1D9AB076007BBE0E /* SSKeychain.h */ = {isa = PBXFileReference; fileEncoding = 4; lastKnownFileType = sourcecode.c.h; path = SSKeychain.h; sourceTree = "<group>"; };
		0D99CCDF1D9AB076007BBE0E /* SSKeychain.m */ = {isa = PBXFileReference; fileEncoding = 4; lastKnownFileType = sourcecode.c.objc; path = SSKeychain.m; sourceTree = "<group>"; };
		0D99CCE01D9AB076007BBE0E /* SSKeychainQuery.h */ = {isa = PBXFileReference; fileEncoding = 4; lastKnownFileType = sourcecode.c.h; path = SSKeychainQuery.h; sourceTree = "<group>"; };
		0D99CCE11D9AB076007BBE0E /* SSKeychainQuery.m */ = {isa = PBXFileReference; fileEncoding = 4; lastKnownFileType = sourcecode.c.objc; path = SSKeychainQuery.m; sourceTree = "<group>"; };
		0D99CCF71D9AB07E007BBE0E /* JCNavigationViewController.h */ = {isa = PBXFileReference; fileEncoding = 4; lastKnownFileType = sourcecode.c.h; path = JCNavigationViewController.h; sourceTree = "<group>"; };
		0D99CCF81D9AB07E007BBE0E /* JCNavigationViewController.m */ = {isa = PBXFileReference; fileEncoding = 4; lastKnownFileType = sourcecode.c.objc; path = JCNavigationViewController.m; sourceTree = "<group>"; };
		0D99CCF91D9AB07E007BBE0E /* JCWrapNavigationController.h */ = {isa = PBXFileReference; fileEncoding = 4; lastKnownFileType = sourcecode.c.h; path = JCWrapNavigationController.h; sourceTree = "<group>"; };
		0D99CCFA1D9AB07E007BBE0E /* JCWrapNavigationController.m */ = {isa = PBXFileReference; fileEncoding = 4; lastKnownFileType = sourcecode.c.objc; path = JCWrapNavigationController.m; sourceTree = "<group>"; };
		0D99CCFB1D9AB07E007BBE0E /* JCWrapViewController.h */ = {isa = PBXFileReference; fileEncoding = 4; lastKnownFileType = sourcecode.c.h; path = JCWrapViewController.h; sourceTree = "<group>"; };
		0D99CCFC1D9AB07E007BBE0E /* JCWrapViewController.m */ = {isa = PBXFileReference; fileEncoding = 4; lastKnownFileType = sourcecode.c.objc; path = JCWrapViewController.m; sourceTree = "<group>"; };
		0D99CCFD1D9AB07E007BBE0E /* UIViewController+JCNavigationControllerExtension.h */ = {isa = PBXFileReference; fileEncoding = 4; lastKnownFileType = sourcecode.c.h; path = "UIViewController+JCNavigationControllerExtension.h"; sourceTree = "<group>"; };
		0D99CCFE1D9AB07E007BBE0E /* UIViewController+JCNavigationControllerExtension.m */ = {isa = PBXFileReference; fileEncoding = 4; lastKnownFileType = sourcecode.c.objc; path = "UIViewController+JCNavigationControllerExtension.m"; sourceTree = "<group>"; };
		0D99CD041D9AB144007BBE0E /* JCNavigationControllerImage.xcassets */ = {isa = PBXFileReference; lastKnownFileType = folder.assetcatalog; path = JCNavigationControllerImage.xcassets; sourceTree = "<group>"; };
		0D99CD071D9AB1CD007BBE0E /* TransitionDemo.storyboard */ = {isa = PBXFileReference; fileEncoding = 4; lastKnownFileType = file.storyboard; path = TransitionDemo.storyboard; sourceTree = "<group>"; };
		0D99CD091D9AB202007BBE0E /* JCTransitionDemoViewController.h */ = {isa = PBXFileReference; fileEncoding = 4; lastKnownFileType = sourcecode.c.h; path = JCTransitionDemoViewController.h; sourceTree = "<group>"; };
		0D99CD0A1D9AB202007BBE0E /* JCTransitionDemoViewController.m */ = {isa = PBXFileReference; fileEncoding = 4; lastKnownFileType = sourcecode.c.objc; path = JCTransitionDemoViewController.m; sourceTree = "<group>"; };
		0D99CD0D1D9AB61F007BBE0E /* JCPageViewController.h */ = {isa = PBXFileReference; fileEncoding = 4; lastKnownFileType = sourcecode.c.h; path = JCPageViewController.h; sourceTree = "<group>"; };
		0D99CD0E1D9AB61F007BBE0E /* JCPageViewController.m */ = {isa = PBXFileReference; fileEncoding = 4; lastKnownFileType = sourcecode.c.objc; path = JCPageViewController.m; sourceTree = "<group>"; };
		0D99CD101D9ABCD5007BBE0E /* JCTranition.h */ = {isa = PBXFileReference; fileEncoding = 4; lastKnownFileType = sourcecode.c.h; path = JCTranition.h; sourceTree = "<group>"; };
		0D99CD111D9ABCD5007BBE0E /* JCTranition.m */ = {isa = PBXFileReference; fileEncoding = 4; lastKnownFileType = sourcecode.c.objc; path = JCTranition.m; sourceTree = "<group>"; };
		0DF2B6931D941BEF006FFE4C /* JCKitHelp.app */ = {isa = PBXFileReference; explicitFileType = wrapper.application; includeInIndex = 0; path = JCKitHelp.app; sourceTree = BUILT_PRODUCTS_DIR; };
		0DF2B6971D941BEF006FFE4C /* main.m */ = {isa = PBXFileReference; lastKnownFileType = sourcecode.c.objc; path = main.m; sourceTree = "<group>"; };
		0DF2B6991D941BEF006FFE4C /* AppDelegate.h */ = {isa = PBXFileReference; lastKnownFileType = sourcecode.c.h; path = AppDelegate.h; sourceTree = "<group>"; };
		0DF2B69A1D941BEF006FFE4C /* AppDelegate.m */ = {isa = PBXFileReference; lastKnownFileType = sourcecode.c.objc; path = AppDelegate.m; sourceTree = "<group>"; };
		0DF2B6A01D941BEF006FFE4C /* Base */ = {isa = PBXFileReference; lastKnownFileType = file.storyboard; name = Base; path = Base.lproj/Main.storyboard; sourceTree = "<group>"; };
		0DF2B6A21D941BEF006FFE4C /* Assets.xcassets */ = {isa = PBXFileReference; lastKnownFileType = folder.assetcatalog; path = Assets.xcassets; sourceTree = "<group>"; };
		0DF2B6A51D941BEF006FFE4C /* Base */ = {isa = PBXFileReference; lastKnownFileType = file.storyboard; name = Base; path = Base.lproj/LaunchScreen.storyboard; sourceTree = "<group>"; };
		0DF2B6A71D941BEF006FFE4C /* Info.plist */ = {isa = PBXFileReference; lastKnownFileType = text.plist.xml; path = Info.plist; sourceTree = "<group>"; };
		0DF2B6FD1D941D22006FFE4C /* UIKit.framework */ = {isa = PBXFileReference; lastKnownFileType = wrapper.framework; name = UIKit.framework; path = System/Library/Frameworks/UIKit.framework; sourceTree = SDKROOT; };
		0DF2B6FF1D941D99006FFE4C /* JCKitHelp-Prefix.pch */ = {isa = PBXFileReference; lastKnownFileType = sourcecode.c.h; path = "JCKitHelp-Prefix.pch"; sourceTree = "<group>"; };
		0DF2B7081D942000006FFE4C /* Default-568h@2x.png */ = {isa = PBXFileReference; lastKnownFileType = image.png; path = "Default-568h@2x.png"; sourceTree = "<group>"; };
		0DF2B70A1D942112006FFE4C /* JCIndexTableViewController.h */ = {isa = PBXFileReference; fileEncoding = 4; lastKnownFileType = sourcecode.c.h; path = JCIndexTableViewController.h; sourceTree = "<group>"; };
		0DF2B70B1D942112006FFE4C /* JCIndexTableViewController.m */ = {isa = PBXFileReference; fileEncoding = 4; lastKnownFileType = sourcecode.c.objc; path = JCIndexTableViewController.m; sourceTree = "<group>"; };
		0DF2B70E1D94258E006FFE4C /* JCTabBarViewController.h */ = {isa = PBXFileReference; fileEncoding = 4; lastKnownFileType = sourcecode.c.h; path = JCTabBarViewController.h; sourceTree = "<group>"; };
		0DF2B70F1D94258E006FFE4C /* JCTabBarViewController.m */ = {isa = PBXFileReference; fileEncoding = 4; lastKnownFileType = sourcecode.c.objc; path = JCTabBarViewController.m; sourceTree = "<group>"; };
		0DF2B7111D9425A4006FFE4C /* TabBarDemo.storyboard */ = {isa = PBXFileReference; fileEncoding = 4; lastKnownFileType = file.storyboard; path = TabBarDemo.storyboard; sourceTree = "<group>"; };
		0DF2B7131D9425E1006FFE4C /* JCTabBarOneViewController.h */ = {isa = PBXFileReference; fileEncoding = 4; lastKnownFileType = sourcecode.c.h; path = JCTabBarOneViewController.h; sourceTree = "<group>"; };
		0DF2B7141D9425E1006FFE4C /* JCTabBarOneViewController.m */ = {isa = PBXFileReference; fileEncoding = 4; lastKnownFileType = sourcecode.c.objc; path = JCTabBarOneViewController.m; sourceTree = "<group>"; };
		0DF2B7161D9425F3006FFE4C /* JCTabBarTwoViewController.h */ = {isa = PBXFileReference; fileEncoding = 4; lastKnownFileType = sourcecode.c.h; path = JCTabBarTwoViewController.h; sourceTree = "<group>"; };
		0DF2B7171D9425F3006FFE4C /* JCTabBarTwoViewController.m */ = {isa = PBXFileReference; fileEncoding = 4; lastKnownFileType = sourcecode.c.objc; path = JCTabBarTwoViewController.m; sourceTree = "<group>"; };
		0DF2B7191D94266A006FFE4C /* TabBarDemo.xcassets */ = {isa = PBXFileReference; lastKnownFileType = folder.assetcatalog; path = TabBarDemo.xcassets; sourceTree = "<group>"; };
/* End PBXFileReference section */

/* Begin PBXFrameworksBuildPhase section */
		0DF2B6901D941BEF006FFE4C /* Frameworks */ = {
			isa = PBXFrameworksBuildPhase;
			buildActionMask = 2147483647;
			files = (
				0DF2B6FE1D941D22006FFE4C /* UIKit.framework in Frameworks */,
			);
			runOnlyForDeploymentPostprocessing = 0;
		};
/* End PBXFrameworksBuildPhase section */

/* Begin PBXGroup section */
		0D99CCA31D9AB076007BBE0E /* JCKit */ = {
			isa = PBXGroup;
			children = (
				0D99CCA41D9AB076007BBE0E /* Category */,
				0D99CCCD1D9AB076007BBE0E /* Const */,
				0D99CCCE1D9AB076007BBE0E /* DataBase */,
				0D99CCCF1D9AB076007BBE0E /* Macros */,
				0D99CCD31D9AB076007BBE0E /* Tool */,
				0D99CCDC1D9AB076007BBE0E /* Vender */,
			);
			path = JCKit;
			sourceTree = "<group>";
		};
		0D99CCA41D9AB076007BBE0E /* Category */ = {
			isa = PBXGroup;
			children = (
				0D99CD0C1D9AB27E007BBE0E /* UIStoryboard */,
				0D99CCA51D9AB076007BBE0E /* CALayer */,
				0D99CCA81D9AB076007BBE0E /* CollectionView */,
				0D99CCAB1D9AB076007BBE0E /* NSArrary */,
				0D99CCAE1D9AB076007BBE0E /* NSData */,
				0D99CCB11D9AB076007BBE0E /* NSDictionary */,
				0D99CCB41D9AB076007BBE0E /* NSTimer */,
				0D99CCB71D9AB076007BBE0E /* TabBarCategory */,
				0D99CCBA1D9AB076007BBE0E /* TableView */,
				0D99CCBD1D9AB076007BBE0E /* UIButton */,
				0D99CCC01D9AB076007BBE0E /* UIColor */,
				0D99CCC31D9AB076007BBE0E /* UIDevice */,
				0D99CCC61D9AB076007BBE0E /* UIImage */,
				0D99CCC91D9AB076007BBE0E /* UIView */,
				0D99CCCC1D9AB076007BBE0E /* ViewController */,
			);
			path = Category;
			sourceTree = "<group>";
		};
		0D99CCA51D9AB076007BBE0E /* CALayer */ = {
			isa = PBXGroup;
			children = (
				0D99CCA61D9AB076007BBE0E /* CALayer+Additions.h */,
				0D99CCA71D9AB076007BBE0E /* CALayer+Additions.m */,
			);
			path = CALayer;
			sourceTree = "<group>";
		};
		0D99CCA81D9AB076007BBE0E /* CollectionView */ = {
			isa = PBXGroup;
			children = (
				0D99CCA91D9AB076007BBE0E /* UICollectionView+JCPlaceHoldView.h */,
				0D99CCAA1D9AB076007BBE0E /* UICollectionView+JCPlaceHoldView.m */,
			);
			path = CollectionView;
			sourceTree = "<group>";
		};
		0D99CCAB1D9AB076007BBE0E /* NSArrary */ = {
			isa = PBXGroup;
			children = (
				0D99CCAC1D9AB076007BBE0E /* NSArray+ExtraMethod.h */,
				0D99CCAD1D9AB076007BBE0E /* NSArray+ExtraMethod.m */,
			);
			path = NSArrary;
			sourceTree = "<group>";
		};
		0D99CCAE1D9AB076007BBE0E /* NSData */ = {
			isa = PBXGroup;
			children = (
				0D99CCAF1D9AB076007BBE0E /* NSData+JWAESData.h */,
				0D99CCB01D9AB076007BBE0E /* NSData+JWAESData.m */,
			);
			path = NSData;
			sourceTree = "<group>";
		};
		0D99CCB11D9AB076007BBE0E /* NSDictionary */ = {
			isa = PBXGroup;
			children = (
				0D99CCB21D9AB076007BBE0E /* NSDictionary+ExtraMethod.h */,
				0D99CCB31D9AB076007BBE0E /* NSDictionary+ExtraMethod.m */,
			);
			path = NSDictionary;
			sourceTree = "<group>";
		};
		0D99CCB41D9AB076007BBE0E /* NSTimer */ = {
			isa = PBXGroup;
			children = (
				0D99CCB51D9AB076007BBE0E /* NSTimer+Addition.h */,
				0D99CCB61D9AB076007BBE0E /* NSTimer+Addition.m */,
			);
			path = NSTimer;
			sourceTree = "<group>";
		};
		0D99CCB71D9AB076007BBE0E /* TabBarCategory */ = {
			isa = PBXGroup;
			children = (
				0D99CCB81D9AB076007BBE0E /* UITabBarItem+Universal.h */,
				0D99CCB91D9AB076007BBE0E /* UITabBarItem+Universal.m */,
			);
			path = TabBarCategory;
			sourceTree = "<group>";
		};
		0D99CCBA1D9AB076007BBE0E /* TableView */ = {
			isa = PBXGroup;
			children = (
				0D99CCBB1D9AB076007BBE0E /* UITableView+JCPlaceHoldView.h */,
				0D99CCBC1D9AB076007BBE0E /* UITableView+JCPlaceHoldView.m */,
			);
			path = TableView;
			sourceTree = "<group>";
		};
		0D99CCBD1D9AB076007BBE0E /* UIButton */ = {
			isa = PBXGroup;
			children = (
				0D99CCBE1D9AB076007BBE0E /* UIButton+LCAlignment.h */,
				0D99CCBF1D9AB076007BBE0E /* UIButton+LCAlignment.m */,
			);
			path = UIButton;
			sourceTree = "<group>";
		};
		0D99CCC01D9AB076007BBE0E /* UIColor */ = {
			isa = PBXGroup;
			children = (
				0D99CCC11D9AB076007BBE0E /* UIColor+JCColor.h */,
				0D99CCC21D9AB076007BBE0E /* UIColor+JCColor.m */,
			);
			path = UIColor;
			sourceTree = "<group>";
		};
		0D99CCC31D9AB076007BBE0E /* UIDevice */ = {
			isa = PBXGroup;
			children = (
				0D99CCC41D9AB076007BBE0E /* UIDevice+Unidentifier.h */,
				0D99CCC51D9AB076007BBE0E /* UIDevice+Unidentifier.m */,
			);
			path = UIDevice;
			sourceTree = "<group>";
		};
		0D99CCC61D9AB076007BBE0E /* UIImage */ = {
			isa = PBXGroup;
			children = (
				0D99CCC71D9AB076007BBE0E /* UIImage+UIImageScale.h */,
				0D99CCC81D9AB076007BBE0E /* UIImage+UIImageScale.m */,
			);
			path = UIImage;
			sourceTree = "<group>";
		};
		0D99CCC91D9AB076007BBE0E /* UIView */ = {
			isa = PBXGroup;
			children = (
				0D99CCCA1D9AB076007BBE0E /* UIView+JCView.h */,
				0D99CCCB1D9AB076007BBE0E /* UIView+JCView.m */,
			);
			path = UIView;
			sourceTree = "<group>";
		};
		0D99CCCC1D9AB076007BBE0E /* ViewController */ = {
			isa = PBXGroup;
			children = (
			);
			path = ViewController;
			sourceTree = "<group>";
		};
		0D99CCCD1D9AB076007BBE0E /* Const */ = {
			isa = PBXGroup;
			children = (
			);
			path = Const;
			sourceTree = "<group>";
		};
		0D99CCCE1D9AB076007BBE0E /* DataBase */ = {
			isa = PBXGroup;
			children = (
			);
			path = DataBase;
			sourceTree = "<group>";
		};
		0D99CCCF1D9AB076007BBE0E /* Macros */ = {
			isa = PBXGroup;
			children = (
				0D99CCD01D9AB076007BBE0E /* AppMacro.h */,
				0D99CCD11D9AB076007BBE0E /* NotificationMacro.h */,
				0D99CCD21D9AB076007BBE0E /* VendorMacro.h */,
			);
			path = Macros;
			sourceTree = "<group>";
		};
		0D99CCD31D9AB076007BBE0E /* Tool */ = {
			isa = PBXGroup;
			children = (
				0D99CCD41D9AB076007BBE0E /* CustomBarItemUtility.h */,
				0D99CCD51D9AB076007BBE0E /* CustomBarItemUtility.m */,
				0D99CCD61D9AB076007BBE0E /* JCDeviceInfo.h */,
				0D99CCD71D9AB076007BBE0E /* JCDeviceInfo.m */,
				0D99CCD81D9AB076007BBE0E /* JUtility.h */,
				0D99CCD91D9AB076007BBE0E /* JUtility.m */,
				0D99CCDA1D9AB076007BBE0E /* TextUtility.h */,
				0D99CCDB1D9AB076007BBE0E /* TextUtility.m */,
			);
			path = Tool;
			sourceTree = "<group>";
		};
		0D99CCDC1D9AB076007BBE0E /* Vender */ = {
			isa = PBXGroup;
			children = (
				0D99CCDD1D9AB076007BBE0E /* SSKeychain */,
			);
			path = Vender;
			sourceTree = "<group>";
		};
		0D99CCDD1D9AB076007BBE0E /* SSKeychain */ = {
			isa = PBXGroup;
			children = (
				0D99CCDE1D9AB076007BBE0E /* SSKeychain.h */,
				0D99CCDF1D9AB076007BBE0E /* SSKeychain.m */,
				0D99CCE01D9AB076007BBE0E /* SSKeychainQuery.h */,
				0D99CCE11D9AB076007BBE0E /* SSKeychainQuery.m */,
			);
			path = SSKeychain;
			sourceTree = "<group>";
		};
		0D99CCF51D9AB07E007BBE0E /* JCNavigationController */ = {
			isa = PBXGroup;
			children = (
				0D99CD041D9AB144007BBE0E /* JCNavigationControllerImage.xcassets */,
				0D99CCF71D9AB07E007BBE0E /* JCNavigationViewController.h */,
				0D99CCF81D9AB07E007BBE0E /* JCNavigationViewController.m */,
				0D99CCF91D9AB07E007BBE0E /* JCWrapNavigationController.h */,
				0D99CCFA1D9AB07E007BBE0E /* JCWrapNavigationController.m */,
				0D99CCFB1D9AB07E007BBE0E /* JCWrapViewController.h */,
				0D99CCFC1D9AB07E007BBE0E /* JCWrapViewController.m */,
				0D99CCFD1D9AB07E007BBE0E /* UIViewController+JCNavigationControllerExtension.h */,
				0D99CCFE1D9AB07E007BBE0E /* UIViewController+JCNavigationControllerExtension.m */,
			);
			path = JCNavigationController;
			sourceTree = "<group>";
		};
		0D99CD061D9AB160007BBE0E /* JCTransitionDemo */ = {
			isa = PBXGroup;
			children = (
				0D99CD101D9ABCD5007BBE0E /* JCTranition.h */,
				0D99CD111D9ABCD5007BBE0E /* JCTranition.m */,
				0D99CD091D9AB202007BBE0E /* JCTransitionDemoViewController.h */,
				0D99CD0A1D9AB202007BBE0E /* JCTransitionDemoViewController.m */,
				0D99CD0D1D9AB61F007BBE0E /* JCPageViewController.h */,
				0D99CD0E1D9AB61F007BBE0E /* JCPageViewController.m */,
				0D99CD071D9AB1CD007BBE0E /* TransitionDemo.storyboard */,
			);
			path = JCTransitionDemo;
			sourceTree = "<group>";
		};
		0D99CD0C1D9AB27E007BBE0E /* UIStoryboard */ = {
			isa = PBXGroup;
			children = (
			);
			path = UIStoryboard;
			sourceTree = "<group>";
		};
		0DF2B68A1D941BEF006FFE4C = {
			isa = PBXGroup;
			children = (
				0DF2B7081D942000006FFE4C /* Default-568h@2x.png */,
				0D99CCF51D9AB07E007BBE0E /* JCNavigationController */,
				0D99CCA31D9AB076007BBE0E /* JCKit */,
				0DF2B6951D941BEF006FFE4C /* JCKitHelp */,
				0DF2B6FC1D941D16006FFE4C /* Frameworks */,
				0DF2B6941D941BEF006FFE4C /* Products */,
			);
			sourceTree = "<group>";
		};
		0DF2B6941D941BEF006FFE4C /* Products */ = {
			isa = PBXGroup;
			children = (
				0DF2B6931D941BEF006FFE4C /* JCKitHelp.app */,
			);
			name = Products;
			sourceTree = "<group>";
		};
		0DF2B6951D941BEF006FFE4C /* JCKitHelp */ = {
			isa = PBXGroup;
			children = (
				0DF2B70D1D94256A006FFE4C /* TabBarDemo */,
				0D99CD061D9AB160007BBE0E /* JCTransitionDemo */,
				0DF2B6991D941BEF006FFE4C /* AppDelegate.h */,
				0DF2B69A1D941BEF006FFE4C /* AppDelegate.m */,
				0DF2B70A1D942112006FFE4C /* JCIndexTableViewController.h */,
				0DF2B70B1D942112006FFE4C /* JCIndexTableViewController.m */,
				0DF2B69F1D941BEF006FFE4C /* Main.storyboard */,
				0DF2B6A21D941BEF006FFE4C /* Assets.xcassets */,
				0DF2B6A41D941BEF006FFE4C /* LaunchScreen.storyboard */,
				0DF2B6A71D941BEF006FFE4C /* Info.plist */,
				0DF2B6961D941BEF006FFE4C /* Supporting Files */,
			);
			path = JCKitHelp;
			sourceTree = "<group>";
		};
		0DF2B6961D941BEF006FFE4C /* Supporting Files */ = {
			isa = PBXGroup;
			children = (
				0DF2B6971D941BEF006FFE4C /* main.m */,
				0DF2B6FF1D941D99006FFE4C /* JCKitHelp-Prefix.pch */,
			);
			name = "Supporting Files";
			sourceTree = "<group>";
		};
		0DF2B6FC1D941D16006FFE4C /* Frameworks */ = {
			isa = PBXGroup;
			children = (
				0DF2B6FD1D941D22006FFE4C /* UIKit.framework */,
			);
			name = Frameworks;
			sourceTree = "<group>";
		};
		0DF2B70D1D94256A006FFE4C /* TabBarDemo */ = {
			isa = PBXGroup;
			children = (
				0DF2B70E1D94258E006FFE4C /* JCTabBarViewController.h */,
				0DF2B70F1D94258E006FFE4C /* JCTabBarViewController.m */,
				0DF2B7131D9425E1006FFE4C /* JCTabBarOneViewController.h */,
				0DF2B7141D9425E1006FFE4C /* JCTabBarOneViewController.m */,
				0DF2B7161D9425F3006FFE4C /* JCTabBarTwoViewController.h */,
				0DF2B7171D9425F3006FFE4C /* JCTabBarTwoViewController.m */,
				0DF2B7111D9425A4006FFE4C /* TabBarDemo.storyboard */,
				0DF2B7191D94266A006FFE4C /* TabBarDemo.xcassets */,
			);
			path = TabBarDemo;
			sourceTree = "<group>";
		};
/* End PBXGroup section */

/* Begin PBXNativeTarget section */
		0DF2B6921D941BEF006FFE4C /* JCKitHelp */ = {
			isa = PBXNativeTarget;
			buildConfigurationList = 0DF2B6AA1D941BEF006FFE4C /* Build configuration list for PBXNativeTarget "JCKitHelp" */;
			buildPhases = (
				0DF2B68F1D941BEF006FFE4C /* Sources */,
				0DF2B6901D941BEF006FFE4C /* Frameworks */,
				0DF2B6911D941BEF006FFE4C /* Resources */,
			);
			buildRules = (
			);
			dependencies = (
			);
			name = JCKitHelp;
			productName = JCKitHelp;
			productReference = 0DF2B6931D941BEF006FFE4C /* JCKitHelp.app */;
			productType = "com.apple.product-type.application";
		};
/* End PBXNativeTarget section */

/* Begin PBXProject section */
		0DF2B68B1D941BEF006FFE4C /* Project object */ = {
			isa = PBXProject;
			attributes = {
				LastUpgradeCheck = 0730;
				ORGANIZATIONNAME = Jam;
				TargetAttributes = {
					0DF2B6921D941BEF006FFE4C = {
						CreatedOnToolsVersion = 7.3.1;
						DevelopmentTeam = 7TVSQH639C;
					};
				};
			};
			buildConfigurationList = 0DF2B68E1D941BEF006FFE4C /* Build configuration list for PBXProject "JCKitHelp" */;
			compatibilityVersion = "Xcode 3.2";
			developmentRegion = English;
			hasScannedForEncodings = 0;
			knownRegions = (
				en,
				Base,
			);
			mainGroup = 0DF2B68A1D941BEF006FFE4C;
			productRefGroup = 0DF2B6941D941BEF006FFE4C /* Products */;
			projectDirPath = "";
			projectRoot = "";
			targets = (
				0DF2B6921D941BEF006FFE4C /* JCKitHelp */,
			);
		};
/* End PBXProject section */

/* Begin PBXResourcesBuildPhase section */
		0DF2B6911D941BEF006FFE4C /* Resources */ = {
			isa = PBXResourcesBuildPhase;
			buildActionMask = 2147483647;
			files = (
				0D99CD081D9AB1CD007BBE0E /* TransitionDemo.storyboard in Resources */,
				0DF2B6A61D941BEF006FFE4C /* LaunchScreen.storyboard in Resources */,
				0DF2B7121D9425A4006FFE4C /* TabBarDemo.storyboard in Resources */,
				0DF2B71A1D94266A006FFE4C /* TabBarDemo.xcassets in Resources */,
				0DF2B7091D942000006FFE4C /* Default-568h@2x.png in Resources */,
				0D99CD051D9AB144007BBE0E /* JCNavigationControllerImage.xcassets in Resources */,
				0DF2B6A31D941BEF006FFE4C /* Assets.xcassets in Resources */,
				0DF2B6A11D941BEF006FFE4C /* Main.storyboard in Resources */,
			);
			runOnlyForDeploymentPostprocessing = 0;
		};
/* End PBXResourcesBuildPhase section */

/* Begin PBXSourcesBuildPhase section */
		0DF2B68F1D941BEF006FFE4C /* Sources */ = {
			isa = PBXSourcesBuildPhase;
			buildActionMask = 2147483647;
			files = (
				0D99CCEB1D9AB076007BBE0E /* UIColor+JCColor.m in Sources */,
				0D99CCE61D9AB076007BBE0E /* NSDictionary+ExtraMethod.m in Sources */,
				0DF2B70C1D942112006FFE4C /* JCIndexTableViewController.m in Sources */,
				0D99CD021D9AB07E007BBE0E /* JCWrapViewController.m in Sources */,
				0D99CCE91D9AB076007BBE0E /* UITableView+JCPlaceHoldView.m in Sources */,
				0D99CCF21D9AB076007BBE0E /* TextUtility.m in Sources */,
				0D99CD001D9AB07E007BBE0E /* JCNavigationViewController.m in Sources */,
				0D99CCEA1D9AB076007BBE0E /* UIButton+LCAlignment.m in Sources */,
				0D99CCF11D9AB076007BBE0E /* JUtility.m in Sources */,
				0DF2B7101D94258E006FFE4C /* JCTabBarViewController.m in Sources */,
				0D99CD031D9AB07E007BBE0E /* UIViewController+JCNavigationControllerExtension.m in Sources */,
				0D99CCF01D9AB076007BBE0E /* JCDeviceInfo.m in Sources */,
				0D99CD011D9AB07E007BBE0E /* JCWrapNavigationController.m in Sources */,
				0D99CD121D9ABCD5007BBE0E /* JCTranition.m in Sources */,
				0D99CCE21D9AB076007BBE0E /* CALayer+Additions.m in Sources */,
				0DF2B7151D9425E1006FFE4C /* JCTabBarOneViewController.m in Sources */,
				0DF2B69B1D941BEF006FFE4C /* AppDelegate.m in Sources */,
				0D99CCE71D9AB076007BBE0E /* NSTimer+Addition.m in Sources */,
				0D99CCED1D9AB076007BBE0E /* UIImage+UIImageScale.m in Sources */,
				0D99CCE31D9AB076007BBE0E /* UICollectionView+JCPlaceHoldView.m in Sources */,
				0D99CCEF1D9AB076007BBE0E /* CustomBarItemUtility.m in Sources */,
				0D99CCF41D9AB076007BBE0E /* SSKeychainQuery.m in Sources */,
				0D99CCE81D9AB076007BBE0E /* UITabBarItem+Universal.m in Sources */,
				0D99CCF31D9AB076007BBE0E /* SSKeychain.m in Sources */,
				0D99CCEC1D9AB076007BBE0E /* UIDevice+Unidentifier.m in Sources */,
				0DF2B7181D9425F3006FFE4C /* JCTabBarTwoViewController.m in Sources */,
				0DF2B6981D941BEF006FFE4C /* main.m in Sources */,
				0D99CD0B1D9AB202007BBE0E /* JCTransitionDemoViewController.m in Sources */,
				0D99CCE41D9AB076007BBE0E /* NSArray+ExtraMethod.m in Sources */,
				0D99CCE51D9AB076007BBE0E /* NSData+JWAESData.m in Sources */,
				0D99CCEE1D9AB076007BBE0E /* UIView+JCView.m in Sources */,
				0D99CD0F1D9AB61F007BBE0E /* JCPageViewController.m in Sources */,
			);
			runOnlyForDeploymentPostprocessing = 0;
		};
/* End PBXSourcesBuildPhase section */

/* Begin PBXVariantGroup section */
		0DF2B69F1D941BEF006FFE4C /* Main.storyboard */ = {
			isa = PBXVariantGroup;
			children = (
				0DF2B6A01D941BEF006FFE4C /* Base */,
			);
			name = Main.storyboard;
			sourceTree = "<group>";
		};
		0DF2B6A41D941BEF006FFE4C /* LaunchScreen.storyboard */ = {
			isa = PBXVariantGroup;
			children = (
				0DF2B6A51D941BEF006FFE4C /* Base */,
			);
			name = LaunchScreen.storyboard;
			sourceTree = "<group>";
		};
/* End PBXVariantGroup section */

/* Begin XCBuildConfiguration section */
		0DF2B6A81D941BEF006FFE4C /* Debug */ = {
			isa = XCBuildConfiguration;
			buildSettings = {
				ALWAYS_SEARCH_USER_PATHS = NO;
				CLANG_ANALYZER_NONNULL = YES;
				CLANG_CXX_LANGUAGE_STANDARD = "gnu++0x";
				CLANG_CXX_LIBRARY = "libc++";
				CLANG_ENABLE_MODULES = YES;
				CLANG_ENABLE_OBJC_ARC = YES;
				CLANG_WARN_BOOL_CONVERSION = YES;
				CLANG_WARN_CONSTANT_CONVERSION = YES;
				CLANG_WARN_DIRECT_OBJC_ISA_USAGE = YES_ERROR;
				CLANG_WARN_EMPTY_BODY = YES;
				CLANG_WARN_ENUM_CONVERSION = YES;
				CLANG_WARN_INT_CONVERSION = YES;
				CLANG_WARN_OBJC_ROOT_CLASS = YES_ERROR;
				CLANG_WARN_UNREACHABLE_CODE = YES;
				CLANG_WARN__DUPLICATE_METHOD_MATCH = YES;
				"CODE_SIGN_IDENTITY[sdk=iphoneos*]" = "iPhone Developer";
				COPY_PHASE_STRIP = NO;
				DEBUG_INFORMATION_FORMAT = dwarf;
				ENABLE_STRICT_OBJC_MSGSEND = YES;
				ENABLE_TESTABILITY = YES;
				GCC_C_LANGUAGE_STANDARD = gnu99;
				GCC_DYNAMIC_NO_PIC = NO;
				GCC_NO_COMMON_BLOCKS = YES;
				GCC_OPTIMIZATION_LEVEL = 0;
				GCC_PREPROCESSOR_DEFINITIONS = (
					"DEBUG=1",
					"$(inherited)",
				);
				GCC_WARN_64_TO_32_BIT_CONVERSION = YES;
				GCC_WARN_ABOUT_RETURN_TYPE = YES_ERROR;
				GCC_WARN_UNDECLARED_SELECTOR = YES;
				GCC_WARN_UNINITIALIZED_AUTOS = YES_AGGRESSIVE;
				GCC_WARN_UNUSED_FUNCTION = YES;
				GCC_WARN_UNUSED_VARIABLE = YES;
				IPHONEOS_DEPLOYMENT_TARGET = 9.3;
				MTL_ENABLE_DEBUG_INFO = YES;
				ONLY_ACTIVE_ARCH = YES;
				SDKROOT = iphoneos;
			};
			name = Debug;
		};
		0DF2B6A91D941BEF006FFE4C /* Release */ = {
			isa = XCBuildConfiguration;
			buildSettings = {
				ALWAYS_SEARCH_USER_PATHS = NO;
				CLANG_ANALYZER_NONNULL = YES;
				CLANG_CXX_LANGUAGE_STANDARD = "gnu++0x";
				CLANG_CXX_LIBRARY = "libc++";
				CLANG_ENABLE_MODULES = YES;
				CLANG_ENABLE_OBJC_ARC = YES;
				CLANG_WARN_BOOL_CONVERSION = YES;
				CLANG_WARN_CONSTANT_CONVERSION = YES;
				CLANG_WARN_DIRECT_OBJC_ISA_USAGE = YES_ERROR;
				CLANG_WARN_EMPTY_BODY = YES;
				CLANG_WARN_ENUM_CONVERSION = YES;
				CLANG_WARN_INT_CONVERSION = YES;
				CLANG_WARN_OBJC_ROOT_CLASS = YES_ERROR;
				CLANG_WARN_UNREACHABLE_CODE = YES;
				CLANG_WARN__DUPLICATE_METHOD_MATCH = YES;
				"CODE_SIGN_IDENTITY[sdk=iphoneos*]" = "iPhone Developer";
				COPY_PHASE_STRIP = NO;
				DEBUG_INFORMATION_FORMAT = "dwarf-with-dsym";
				ENABLE_NS_ASSERTIONS = NO;
				ENABLE_STRICT_OBJC_MSGSEND = YES;
				GCC_C_LANGUAGE_STANDARD = gnu99;
				GCC_NO_COMMON_BLOCKS = YES;
				GCC_WARN_64_TO_32_BIT_CONVERSION = YES;
				GCC_WARN_ABOUT_RETURN_TYPE = YES_ERROR;
				GCC_WARN_UNDECLARED_SELECTOR = YES;
				GCC_WARN_UNINITIALIZED_AUTOS = YES_AGGRESSIVE;
				GCC_WARN_UNUSED_FUNCTION = YES;
				GCC_WARN_UNUSED_VARIABLE = YES;
				IPHONEOS_DEPLOYMENT_TARGET = 9.3;
				MTL_ENABLE_DEBUG_INFO = NO;
				SDKROOT = iphoneos;
				VALIDATE_PRODUCT = YES;
			};
			name = Release;
		};
		0DF2B6AB1D941BEF006FFE4C /* Debug */ = {
			isa = XCBuildConfiguration;
			buildSettings = {
				ASSETCATALOG_COMPILER_APPICON_NAME = AppIcon;
				CODE_SIGN_IDENTITY = "iPhone Developer";
				"CODE_SIGN_IDENTITY[sdk=iphoneos*]" = "iPhone Developer";
				GCC_PRECOMPILE_PREFIX_HEADER = YES;
				GCC_PREFIX_HEADER = "JCKitHelp/JCKitHelp-Prefix.pch";
				INFOPLIST_FILE = JCKitHelp/Info.plist;
				IPHONEOS_DEPLOYMENT_TARGET = 6.0;
				LD_RUNPATH_SEARCH_PATHS = "$(inherited) @executable_path/Frameworks";
				PRODUCT_BUNDLE_IDENTIFIER = com.jam.JCKitHelp;
				PRODUCT_NAME = "$(TARGET_NAME)";
				PROVISIONING_PROFILE = "";
			};
			name = Debug;
		};
		0DF2B6AC1D941BEF006FFE4C /* Release */ = {
			isa = XCBuildConfiguration;
			buildSettings = {
				ASSETCATALOG_COMPILER_APPICON_NAME = AppIcon;
				CODE_SIGN_IDENTITY = "iPhone Developer";
				"CODE_SIGN_IDENTITY[sdk=iphoneos*]" = "iPhone Developer";
				GCC_PRECOMPILE_PREFIX_HEADER = YES;
				GCC_PREFIX_HEADER = "JCKitHelp/JCKitHelp-Prefix.pch";
				INFOPLIST_FILE = JCKitHelp/Info.plist;
				IPHONEOS_DEPLOYMENT_TARGET = 6.0;
				LD_RUNPATH_SEARCH_PATHS = "$(inherited) @executable_path/Frameworks";
				PRODUCT_BUNDLE_IDENTIFIER = com.jam.JCKitHelp;
				PRODUCT_NAME = "$(TARGET_NAME)";
				PROVISIONING_PROFILE = "";
			};
			name = Release;
		};
/* End XCBuildConfiguration section */

/* Begin XCConfigurationList section */
		0DF2B68E1D941BEF006FFE4C /* Build configuration list for PBXProject "JCKitHelp" */ = {
			isa = XCConfigurationList;
			buildConfigurations = (
				0DF2B6A81D941BEF006FFE4C /* Debug */,
				0DF2B6A91D941BEF006FFE4C /* Release */,
			);
			defaultConfigurationIsVisible = 0;
			defaultConfigurationName = Release;
		};
		0DF2B6AA1D941BEF006FFE4C /* Build configuration list for PBXNativeTarget "JCKitHelp" */ = {
			isa = XCConfigurationList;
			buildConfigurations = (
				0DF2B6AB1D941BEF006FFE4C /* Debug */,
				0DF2B6AC1D941BEF006FFE4C /* Release */,
			);
			defaultConfigurationIsVisible = 0;
			defaultConfigurationName = Release;
		};
/* End XCConfigurationList section */
	};
	rootObject = 0DF2B68B1D941BEF006FFE4C /* Project object */;
}
